
Microsoft Visual Studio Solution File, Format Version 12.00
# Visual Studio Version 17
VisualStudioVersion = 17.13.35806.99
MinimumVisualStudioVersion = 10.0.40219.1
Project("{8BC9CEB8-8B4A-11D0-8D11-00A0C91BC942}") = "HTMLDecode", "HTMLDecode\HTMLDecode.vcxproj", "{29C3F9E3-0936-4A86-978E-150C646DD627}"
EndProject
Project("{8BC9CEB8-8B4A-11D0-8D11-00A0C91BC942}") = "MiniDictionary", "MiniDictionary\MiniDictionary.vcxproj", "{6FADA468-2C54-4D22-96F6-5E5B8C5E28A3}"
EndProject
Project("{8BC9CEB8-8B4A-11D0-8D11-00A0C91BC942}") = "Testing", "Testing\VectorTesting.vcxproj", "{AC085F8B-E4F2-425F-826E-14E57ECE60AC}"
EndProject
Project("{8BC9CEB8-8B4A-11D0-8D11-00A0C91BC942}") = "vector", "vector\vector.vcxproj", "{390D067E-A14D-45EC-821C-40DBEFE3ACCE}"
EndProject
Project("{8BC9CEB8-8B4A-11D0-8D11-00A0C91BC942}") = "PrimeNumbers", "PrimeNumbers\PrimeNumbers.vcxproj", "{2D2905AF-FCC4-45E5-8E7A-59A64E0B7F26}"
EndProject
Global
	GlobalSection(SolutionConfigurationPlatforms) = preSolution
		Debug|x64 = Debug|x64
		Debug|x86 = Debug|x86
		Release|x64 = Release|x64
		Release|x86 = Release|x86
	EndGlobalSection
	GlobalSection(ProjectConfigurationPlatforms) = postSolution
		{29C3F9E3-0936-4A86-978E-150C646DD627}.Debug|x64.ActiveCfg = Debug|x64
		{29C3F9E3-0936-4A86-978E-150C646DD627}.Debug|x64.Build.0 = Debug|x64
		{29C3F9E3-0936-4A86-978E-150C646DD627}.Debug|x86.ActiveCfg = Debug|Win32
		{29C3F9E3-0936-4A86-978E-150C646DD627}.Debug|x86.Build.0 = Debug|Win32
		{29C3F9E3-0936-4A86-978E-150C646DD627}.Release|x64.ActiveCfg = Release|x64
		{29C3F9E3-0936-4A86-978E-150C646DD627}.Release|x64.Build.0 = Release|x64
		{29C3F9E3-0936-4A86-978E-150C646DD627}.Release|x86.ActiveCfg = Release|Win32
		{29C3F9E3-0936-4A86-978E-150C646DD627}.Release|x86.Build.0 = Release|Win32
		{6FADA468-2C54-4D22-96F6-5E5B8C5E28A3}.Debug|x64.ActiveCfg = Debug|x64
		{6FADA468-2C54-4D22-96F6-5E5B8C5E28A3}.Debug|x64.Build.0 = Debug|x64
		{6FADA468-2C54-4D22-96F6-5E5B8C5E28A3}.Debug|x86.ActiveCfg = Debug|Win32
		{6FADA468-2C54-4D22-96F6-5E5B8C5E28A3}.Debug|x86.Build.0 = Debug|Win32
		{6FADA468-2C54-4D22-96F6-5E5B8C5E28A3}.Release|x64.ActiveCfg = Release|x64
		{6FADA468-2C54-4D22-96F6-5E5B8C5E28A3}.Release|x64.Build.0 = Release|x64
		{6FADA468-2C54-4D22-96F6-5E5B8C5E28A3}.Release|x86.ActiveCfg = Release|Win32
		{6FADA468-2C54-4D22-96F6-5E5B8C5E28A3}.Release|x86.Build.0 = Release|Win32
		{AC085F8B-E4F2-425F-826E-14E57ECE60AC}.Debug|x64.ActiveCfg = Debug|x64
		{AC085F8B-E4F2-425F-826E-14E57ECE60AC}.Debug|x64.Build.0 = Debug|x64
		{AC085F8B-E4F2-425F-826E-14E57ECE60AC}.Debug|x86.ActiveCfg = Debug|Win32
		{AC085F8B-E4F2-425F-826E-14E57ECE60AC}.Debug|x86.Build.0 = Debug|Win32
		{AC085F8B-E4F2-425F-826E-14E57ECE60AC}.Release|x64.ActiveCfg = Release|x64
		{AC085F8B-E4F2-425F-826E-14E57ECE60AC}.Release|x64.Build.0 = Release|x64
		{AC085F8B-E4F2-425F-826E-14E57ECE60AC}.Release|x86.ActiveCfg = Release|Win32
		{AC085F8B-E4F2-425F-826E-14E57ECE60AC}.Release|x86.Build.0 = Release|Win32
		{390D067E-A14D-45EC-821C-40DBEFE3ACCE}.Debug|x64.ActiveCfg = Debug|x64
		{390D067E-A14D-45EC-821C-40DBEFE3ACCE}.Debug|x64.Build.0 = Debug|x64
		{390D067E-A14D-45EC-821C-40DBEFE3ACCE}.Debug|x86.ActiveCfg = Debug|Win32
		{390D067E-A14D-45EC-821C-40DBEFE3ACCE}.Debug|x86.Build.0 = Debug|Win32
		{390D067E-A14D-45EC-821C-40DBEFE3ACCE}.Release|x64.ActiveCfg = Release|x64
		{390D067E-A14D-45EC-821C-40DBEFE3ACCE}.Release|x64.Build.0 = Release|x64
		{390D067E-A14D-45EC-821C-40DBEFE3ACCE}.Release|x86.ActiveCfg = Release|Win32
		{390D067E-A14D-45EC-821C-40DBEFE3ACCE}.Release|x86.Build.0 = Release|Win32
		{2D2905AF-FCC4-45E5-8E7A-59A64E0B7F26}.Debug|x64.ActiveCfg = Debug|x64
		{2D2905AF-FCC4-45E5-8E7A-59A64E0B7F26}.Debug|x64.Build.0 = Debug|x64
		{2D2905AF-FCC4-45E5-8E7A-59A64E0B7F26}.Debug|x86.ActiveCfg = Debug|Win32
		{2D2905AF-FCC4-45E5-8E7A-59A64E0B7F26}.Debug|x86.Build.0 = Debug|Win32
		{2D2905AF-FCC4-45E5-8E7A-59A64E0B7F26}.Release|x64.ActiveCfg = Release|x64
		{2D2905AF-FCC4-45E5-8E7A-59A64E0B7F26}.Release|x64.Build.0 = Release|x64
		{2D2905AF-FCC4-45E5-8E7A-59A64E0B7F26}.Release|x86.ActiveCfg = Release|Win32
		{2D2905AF-FCC4-45E5-8E7A-59A64E0B7F26}.Release|x86.Build.0 = Release|Win32
	EndGlobalSection
	GlobalSection(SolutionProperties) = preSolution
		HideSolutionNode = FALSE
	EndGlobalSection
	GlobalSection(ExtensibilityGlobals) = postSolution
		SolutionGuid = {C8285F9C-FCAB-4176-9844-553C6FA95A2E}
	EndGlobalSection
EndGlobal
